
Microsoft Visual Studio Solution File, Format Version 12.00
# Visual Studio 15
Project("{FAE04EC0-301F-11D3-BF4B-00C04F79EFBC}") = "Xamarin.Agora.Voice.iOS", "Xamarin.Agora.Voice.iOS.csproj", "{6648D844-B989-4C04-9F8B-89F2202D6B11}"
EndProject
Global
	GlobalSection(SolutionConfigurationPlatforms) = preSolution
		Debug|Any CPU = Debug|Any CPU
		Release|Any CPU = Release|Any CPU
	EndGlobalSection
	GlobalSection(ProjectConfigurationPlatforms) = postSolution
		{6648D844-B989-4C04-9F8B-89F2202D6B11}.Debug|Any CPU.ActiveCfg = Debug|Any CPU
		{6648D844-B989-4C04-9F8B-89F2202D6B11}.Debug|Any CPU.Build.0 = Debug|Any CPU
		{6648D844-B989-4C04-9F8B-89F2202D6B11}.Release|Any CPU.ActiveCfg = Release|Any CPU
		{6648D844-B989-4C04-9F8B-89F2202D6B11}.Release|Any CPU.Build.0 = Release|Any CPU
	EndGlobalSection
EndGlobal
